
Microsoft Visual Studio Solution File, Format Version 12.00
# Visual Studio Version 17
VisualStudioVersion = 17.10.35013.160
MinimumVisualStudioVersion = 10.0.40219.1
Project("{FAE04EC0-301F-11D3-BF4B-00C04F79EFBC}") = "Topic 10 - GUIs Part 2 - Adding Images to Reasources", "Topic 10 - GUIs Part 2 - Adding Images to Reasources\Topic 10 - GUIs Part 2 - Adding Images to Reasources.csproj", "{453B3048-B304-4796-B656-E75A5F627E4A}"
EndProject
Global
	GlobalSection(SolutionConfigurationPlatforms) = preSolution
		Debug|Any CPU = Debug|Any CPU
		Release|Any CPU = Release|Any CPU
	EndGlobalSection
	GlobalSection(ProjectConfigurationPlatforms) = postSolution
		{453B3048-B304-4796-B656-E75A5F627E4A}.Debug|Any CPU.ActiveCfg = Debug|Any CPU
		{453B3048-B304-4796-B656-E75A5F627E4A}.Debug|Any CPU.Build.0 = Debug|Any CPU
		{453B3048-B304-4796-B656-E75A5F627E4A}.Release|Any CPU.ActiveCfg = Release|Any CPU
		{453B3048-B304-4796-B656-E75A5F627E4A}.Release|Any CPU.Build.0 = Release|Any CPU
	EndGlobalSection
	GlobalSection(SolutionProperties) = preSolution
		HideSolutionNode = FALSE
	EndGlobalSection
	GlobalSection(ExtensibilityGlobals) = postSolution
		SolutionGuid = {2B6DD871-246D-48AF-B25A-D77BD93DCA1A}
	EndGlobalSection
EndGlobal
